PODS:
  - Alamofire (4.8.1)
  - HandyJSON (5.0.0-beta.1)
  - YSHTTPSpider (0.1.3):
    - Alamofire
    - HandyJSON (= 5.0.0-beta.1)

DEPENDENCIES:
  - YSHTTPSpider (from `../`)

SPEC REPOS:
  https://github.com/cocoapods/specs.git:
    - Alamofire
    - HandyJSON

EXTERNAL SOURCES:
  YSHTTPSpider:
    :path: "../"

SPEC CHECKSUMS:
  Alamofire: 16ce2c353fb72865124ddae8a57c5942388f4f11
  HandyJSON: 582477127ab3ab65bd2e471815f1a7b846856978
  YSHTTPSpider: 1c48d7e3653411d9f86c6af036951daa350c7c60

PODFILE CHECKSUM: f6833e86b4b3748080b1d9a86ea45b471133ee6e

COCOAPODS: 1.6.1
